<Solution>
  <Folder Name="/Solution Items/">
    <File Path="build\SharedVersion.props" />
    <File Path="Directory.Build.props" />
    <File Path="Directory.Packages.props" />
    <File Path="README.md" />
  </Folder>
  <Project Path="samples/Avalonia.Diagnostics.Sample/Avalonia.Diagnostics.Sample.csproj" />
  <Project Path="src/Avalonia.Diagnostics/Avalonia.Diagnostics.csproj" />
</Solution>
